
Microsoft Visual Studio Solution File, Format Version 12.00
# Visual Studio 2012
Project("{FAE04EC0-301F-11D3-BF4B-00C04F79EFBC}") = "brown", "brown\brown.csproj", "{CF0D63BE-54C9-4334-A2DA-49124654C1AD}"
EndProject
Global
	GlobalSection(SolutionConfigurationPlatforms) = preSolution
		Debug|Any CPU = Debug|Any CPU
		Release|Any CPU = Release|Any CPU
	EndGlobalSection
	GlobalSection(ProjectConfigurationPlatforms) = postSolution
		{CF0D63BE-54C9-4334-A2DA-49124654C1AD}.Debug|Any CPU.ActiveCfg = Debug|Any CPU
		{CF0D63BE-54C9-4334-A2DA-49124654C1AD}.Debug|Any CPU.Build.0 = Debug|Any CPU
		{CF0D63BE-54C9-4334-A2DA-49124654C1AD}.Release|Any CPU.ActiveCfg = Release|Any CPU
		{CF0D63BE-54C9-4334-A2DA-49124654C1AD}.Release|Any CPU.Build.0 = Release|Any CPU
	EndGlobalSection
EndGlobal
